// !$*UTF8*$!
{
	archiveVersion = 1;
	classes = {
	};
	objectVersion = 46;
	objects = {

/* Begin PBXBuildFile section */
		F2868C7C166685D6003F0686 /* PuzzleData.m in Sources */ = {isa = PBXBuildFile; fileRef = F2868C7B166685D6003F0686 /* PuzzleData.m */; };
		F2868C7F166685D7003F0686 /* HintData.m in Sources */ = {isa = PBXBuildFile; fileRef = F2868C7E166685D7003F0686 /* HintData.m */; };
		F2950232165DFF7900DACFBA /* GameViewController.m in Sources */ = {isa = PBXBuildFile; fileRef = F2950230165DFF7900DACFBA /* GameViewController.m */; };
		F2950233165DFF7900DACFBA /* GameViewController.xib in Resources */ = {isa = PBXBuildFile; fileRef = F2950231165DFF7900DACFBA /* GameViewController.xib */; };
		F2950238165E016400DACFBA /* EventManager.m in Sources */ = {isa = PBXBuildFile; fileRef = F2950237165E016400DACFBA /* EventManager.m */; };
		F295023B165E036800DACFBA /* Event.m in Sources */ = {isa = PBXBuildFile; fileRef = F295023A165E036800DACFBA /* Event.m */; };
		F2950241165EADC500DACFBA /* GameLogic.m in Sources */ = {isa = PBXBuildFile; fileRef = F2950240165EADC500DACFBA /* GameLogic.m */; };
		F2950248166203B100DACFBA /* GameTileView.m in Sources */ = {isa = PBXBuildFile; fileRef = F2950247166203B100DACFBA /* GameTileView.m */; };
		F295024F16620B5700DACFBA /* GameField.m in Sources */ = {isa = PBXBuildFile; fileRef = F295024E16620B5700DACFBA /* GameField.m */; };
		F2950253166316AD00DACFBA /* GameFieldView.m in Sources */ = {isa = PBXBuildFile; fileRef = F2950252166316AD00DACFBA /* GameFieldView.m */; };
		F295025616631F6500DACFBA /* TileData.m in Sources */ = {isa = PBXBuildFile; fileRef = F295025516631F6400DACFBA /* TileData.m */; };
		F2A22DE41664853100CF7859 /* tile_letter_correct_input@2x.png in Resources */ = {isa = PBXBuildFile; fileRef = F2A22DDB1664853100CF7859 /* tile_letter_correct_input@2x.png */; };
		F2A22DE51664853100CF7859 /* tile_letter_correct@2x.png in Resources */ = {isa = PBXBuildFile; fileRef = F2A22DDC1664853100CF7859 /* tile_letter_correct@2x.png */; };
		F2A22DE61664853100CF7859 /* tile_letter_empty_input@2x.png in Resources */ = {isa = PBXBuildFile; fileRef = F2A22DDD1664853100CF7859 /* tile_letter_empty_input@2x.png */; };
		F2A22DE71664853100CF7859 /* tile_letter_empty@2x.png in Resources */ = {isa = PBXBuildFile; fileRef = F2A22DDE1664853100CF7859 /* tile_letter_empty@2x.png */; };
		F2A22DE81664853100CF7859 /* tile_letter_input@2x.png in Resources */ = {isa = PBXBuildFile; fileRef = F2A22DDF1664853100CF7859 /* tile_letter_input@2x.png */; };
		F2A22DE91664853100CF7859 /* tile_letter_wrong@2x.png in Resources */ = {isa = PBXBuildFile; fileRef = F2A22DE01664853100CF7859 /* tile_letter_wrong@2x.png */; };
		F2A22DEA1664853100CF7859 /* tile_question_correct@2x.png in Resources */ = {isa = PBXBuildFile; fileRef = F2A22DE11664853100CF7859 /* tile_question_correct@2x.png */; };
		F2A22DEB1664853100CF7859 /* tile_question_new@2x.png in Resources */ = {isa = PBXBuildFile; fileRef = F2A22DE21664853100CF7859 /* tile_question_new@2x.png */; };
		F2A22DEC1664853100CF7859 /* tile_question_wrong@2x.png in Resources */ = {isa = PBXBuildFile; fileRef = F2A22DE31664853100CF7859 /* tile_question_wrong@2x.png */; };
		F2A22DF0166487C400CF7859 /* Default-568h@2x.png in Resources */ = {isa = PBXBuildFile; fileRef = F2A22DEF166487C400CF7859 /* Default-568h@2x.png */; };
		F2A22DF216648AAA00CF7859 /* QuartzCore.framework in Frameworks */ = {isa = PBXBuildFile; fileRef = F2A22DF116648AAA00CF7859 /* QuartzCore.framework */; };
		F2D626FE165DF80900EF6E8A /* UIKit.framework in Frameworks */ = {isa = PBXBuildFile; fileRef = F2D626FD165DF80900EF6E8A /* UIKit.framework */; };
		F2D62700165DF80900EF6E8A /* Foundation.framework in Frameworks */ = {isa = PBXBuildFile; fileRef = F2D626FF165DF80900EF6E8A /* Foundation.framework */; };
		F2D62702165DF80900EF6E8A /* CoreGraphics.framework in Frameworks */ = {isa = PBXBuildFile; fileRef = F2D62701165DF80900EF6E8A /* CoreGraphics.framework */; };
		F2D62704165DF80900EF6E8A /* CoreData.framework in Frameworks */ = {isa = PBXBuildFile; fileRef = F2D62703165DF80900EF6E8A /* CoreData.framework */; };
		F2D6270C165DF80900EF6E8A /* main.m in Sources */ = {isa = PBXBuildFile; fileRef = F2D6270B165DF80900EF6E8A /* main.m */; };
		F2D62710165DF80900EF6E8A /* AppDelegate.m in Sources */ = {isa = PBXBuildFile; fileRef = F2D6270F165DF80900EF6E8A /* AppDelegate.m */; };
		F2D62713165DF80900EF6E8A /* PrizeWord.xcdatamodeld in Sources */ = {isa = PBXBuildFile; fileRef = F2D62711165DF80900EF6E8A /* PrizeWord.xcdatamodeld */; };
		F2D6271D165DF8FE00EF6E8A /* RootViewController.m in Sources */ = {isa = PBXBuildFile; fileRef = F2D6271B165DF8FE00EF6E8A /* RootViewController.m */; };
		F2D6271E165DF8FE00EF6E8A /* RootViewController.xib in Resources */ = {isa = PBXBuildFile; fileRef = F2D6271C165DF8FE00EF6E8A /* RootViewController.xib */; };
/* End PBXBuildFile section */

/* Begin PBXFileReference section */
		F2868C7A166685D6003F0686 /* PuzzleData.h */ = {isa = PBXFileReference; fileEncoding = 4; lastKnownFileType = sourcecode.c.h; name = PuzzleData.h; path = PrizeWord/DataModels/PuzzleData.h; sourceTree = "<group>"; };
		F2868C7B166685D6003F0686 /* PuzzleData.m */ = {isa = PBXFileReference; fileEncoding = 4; lastKnownFileType = sourcecode.c.objc; name = PuzzleData.m; path = PrizeWord/DataModels/PuzzleData.m; sourceTree = "<group>"; };
		F2868C7D166685D7003F0686 /* HintData.h */ = {isa = PBXFileReference; fileEncoding = 4; lastKnownFileType = sourcecode.c.h; name = HintData.h; path = PrizeWord/DataModels/HintData.h; sourceTree = "<group>"; };
		F2868C7E166685D7003F0686 /* HintData.m */ = {isa = PBXFileReference; fileEncoding = 4; lastKnownFileType = sourcecode.c.objc; name = HintData.m; path = PrizeWord/DataModels/HintData.m; sourceTree = "<group>"; };
		F295022F165DFF7900DACFBA /* GameViewController.h */ = {isa = PBXFileReference; fileEncoding = 4; lastKnownFileType = sourcecode.c.h; name = GameViewController.h; path = ViewControllers/GameViewController.h; sourceTree = "<group>"; };
		F2950230165DFF7900DACFBA /* GameViewController.m */ = {isa = PBXFileReference; fileEncoding = 4; lastKnownFileType = sourcecode.c.objc; name = GameViewController.m; path = ViewControllers/GameViewController.m; sourceTree = "<group>"; };
		F2950231165DFF7900DACFBA /* GameViewController.xib */ = {isa = PBXFileReference; fileEncoding = 4; lastKnownFileType = file.xib; name = GameViewController.xib; path = ViewControllers/GameViewController.xib; sourceTree = "<group>"; };
		F2950236165E016400DACFBA /* EventManager.h */ = {isa = PBXFileReference; fileEncoding = 4; lastKnownFileType = sourcecode.c.h; name = EventManager.h; path = EventSystem/EventManager.h; sourceTree = "<group>"; };
		F2950237165E016400DACFBA /* EventManager.m */ = {isa = PBXFileReference; fileEncoding = 4; lastKnownFileType = sourcecode.c.objc; name = EventManager.m; path = EventSystem/EventManager.m; sourceTree = "<group>"; };
		F2950239165E036800DACFBA /* Event.h */ = {isa = PBXFileReference; fileEncoding = 4; lastKnownFileType = sourcecode.c.h; name = Event.h; path = EventSystem/Event.h; sourceTree = "<group>"; };
		F295023A165E036800DACFBA /* Event.m */ = {isa = PBXFileReference; fileEncoding = 4; lastKnownFileType = sourcecode.c.objc; name = Event.m; path = EventSystem/Event.m; sourceTree = "<group>"; };
		F295023D165EAA0C00DACFBA /* EventListenerDelegate.h */ = {isa = PBXFileReference; lastKnownFileType = sourcecode.c.h; name = EventListenerDelegate.h; path = EventSystem/EventListenerDelegate.h; sourceTree = "<group>"; };
		F295023F165EADC500DACFBA /* GameLogic.h */ = {isa = PBXFileReference; fileEncoding = 4; lastKnownFileType = sourcecode.c.h; name = GameLogic.h; path = GameLogic/GameLogic.h; sourceTree = "<group>"; };
		F2950240165EADC500DACFBA /* GameLogic.m */ = {isa = PBXFileReference; fileEncoding = 4; lastKnownFileType = sourcecode.c.objc; name = GameLogic.m; path = GameLogic/GameLogic.m; sourceTree = "<group>"; };
		F2950246166203B100DACFBA /* GameTileView.h */ = {isa = PBXFileReference; fileEncoding = 4; lastKnownFileType = sourcecode.c.h; name = GameTileView.h; path = Views/GameTileView.h; sourceTree = "<group>"; };
		F2950247166203B100DACFBA /* GameTileView.m */ = {isa = PBXFileReference; fileEncoding = 4; lastKnownFileType = sourcecode.c.objc; name = GameTileView.m; path = Views/GameTileView.m; sourceTree = "<group>"; };
		F295024D16620B5700DACFBA /* GameField.h */ = {isa = PBXFileReference; fileEncoding = 4; lastKnownFileType = sourcecode.c.h; name = GameField.h; path = GameLogic/GameField.h; sourceTree = "<group>"; };
		F295024E16620B5700DACFBA /* GameField.m */ = {isa = PBXFileReference; fileEncoding = 4; lastKnownFileType = sourcecode.c.objc; name = GameField.m; path = GameLogic/GameField.m; sourceTree = "<group>"; };
		F29502501663143300DACFBA /* TileState.h */ = {isa = PBXFileReference; lastKnownFileType = sourcecode.c.h; name = TileState.h; path = GameLogic/TileState.h; sourceTree = "<group>"; };
		F2950251166316AD00DACFBA /* GameFieldView.h */ = {isa = PBXFileReference; fileEncoding = 4; lastKnownFileType = sourcecode.c.h; name = GameFieldView.h; path = Views/GameFieldView.h; sourceTree = "<group>"; };
		F2950252166316AD00DACFBA /* GameFieldView.m */ = {isa = PBXFileReference; fileEncoding = 4; lastKnownFileType = sourcecode.c.objc; name = GameFieldView.m; path = Views/GameFieldView.m; sourceTree = "<group>"; };
		F295025416631F6400DACFBA /* TileData.h */ = {isa = PBXFileReference; fileEncoding = 4; lastKnownFileType = sourcecode.c.h; name = TileData.h; path = GameLogic/TileData.h; sourceTree = "<group>"; };
		F295025516631F6400DACFBA /* TileData.m */ = {isa = PBXFileReference; fileEncoding = 4; lastKnownFileType = sourcecode.c.objc; name = TileData.m; path = GameLogic/TileData.m; sourceTree = "<group>"; };
		F2A22DDB1664853100CF7859 /* tile_letter_correct_input@2x.png */ = {isa = PBXFileReference; lastKnownFileType = image.png; path = "tile_letter_correct_input@2x.png"; sourceTree = "<group>"; };
		F2A22DDC1664853100CF7859 /* tile_letter_correct@2x.png */ = {isa = PBXFileReference; lastKnownFileType = image.png; path = "tile_letter_correct@2x.png"; sourceTree = "<group>"; };
		F2A22DDD1664853100CF7859 /* tile_letter_empty_input@2x.png */ = {isa = PBXFileReference; lastKnownFileType = image.png; path = "tile_letter_empty_input@2x.png"; sourceTree = "<group>"; };
		F2A22DDE1664853100CF7859 /* tile_letter_empty@2x.png */ = {isa = PBXFileReference; lastKnownFileType = image.png; path = "tile_letter_empty@2x.png"; sourceTree = "<group>"; };
		F2A22DDF1664853100CF7859 /* tile_letter_input@2x.png */ = {isa = PBXFileReference; lastKnownFileType = image.png; path = "tile_letter_input@2x.png"; sourceTree = "<group>"; };
		F2A22DE01664853100CF7859 /* tile_letter_wrong@2x.png */ = {isa = PBXFileReference; lastKnownFileType = image.png; path = "tile_letter_wrong@2x.png"; sourceTree = "<group>"; };
		F2A22DE11664853100CF7859 /* tile_question_correct@2x.png */ = {isa = PBXFileReference; lastKnownFileType = image.png; path = "tile_question_correct@2x.png"; sourceTree = "<group>"; };
		F2A22DE21664853100CF7859 /* tile_question_new@2x.png */ = {isa = PBXFileReference; lastKnownFileType = image.png; path = "tile_question_new@2x.png"; sourceTree = "<group>"; };
		F2A22DE31664853100CF7859 /* tile_question_wrong@2x.png */ = {isa = PBXFileReference; lastKnownFileType = image.png; path = "tile_question_wrong@2x.png"; sourceTree = "<group>"; };
		F2A22DEF166487C400CF7859 /* Default-568h@2x.png */ = {isa = PBXFileReference; lastKnownFileType = image.png; path = "Default-568h@2x.png"; sourceTree = "<group>"; };
		F2A22DF116648AAA00CF7859 /* QuartzCore.framework */ = {isa = PBXFileReference; lastKnownFileType = wrapper.framework; name = QuartzCore.framework; path = System/Library/Frameworks/QuartzCore.framework; sourceTree = SDKROOT; };
		F2D626F9165DF80900EF6E8A /* PrizeWord.app */ = {isa = PBXFileReference; explicitFileType = wrapper.application; includeInIndex = 0; path = PrizeWord.app; sourceTree = BUILT_PRODUCTS_DIR; };
		F2D626FD165DF80900EF6E8A /* UIKit.framework */ = {isa = PBXFileReference; lastKnownFileType = wrapper.framework; name = UIKit.framework; path = System/Library/Frameworks/UIKit.framework; sourceTree = SDKROOT; };
		F2D626FF165DF80900EF6E8A /* Foundation.framework */ = {isa = PBXFileReference; lastKnownFileType = wrapper.framework; name = Foundation.framework; path = System/Library/Frameworks/Foundation.framework; sourceTree = SDKROOT; };
		F2D62701165DF80900EF6E8A /* CoreGraphics.framework */ = {isa = PBXFileReference; lastKnownFileType = wrapper.framework; name = CoreGraphics.framework; path = System/Library/Frameworks/CoreGraphics.framework; sourceTree = SDKROOT; };
		F2D62703165DF80900EF6E8A /* CoreData.framework */ = {isa = PBXFileReference; lastKnownFileType = wrapper.framework; name = CoreData.framework; path = System/Library/Frameworks/CoreData.framework; sourceTree = SDKROOT; };
		F2D62707165DF80900EF6E8A /* PrizeWord-Info.plist */ = {isa = PBXFileReference; lastKnownFileType = text.plist.xml; path = "PrizeWord-Info.plist"; sourceTree = "<group>"; };
		F2D6270B165DF80900EF6E8A /* main.m */ = {isa = PBXFileReference; lastKnownFileType = sourcecode.c.objc; path = main.m; sourceTree = "<group>"; };
		F2D6270D165DF80900EF6E8A /* PrizeWord-Prefix.pch */ = {isa = PBXFileReference; lastKnownFileType = sourcecode.c.h; path = "PrizeWord-Prefix.pch"; sourceTree = "<group>"; };
		F2D6270E165DF80900EF6E8A /* AppDelegate.h */ = {isa = PBXFileReference; lastKnownFileType = sourcecode.c.h; path = AppDelegate.h; sourceTree = "<group>"; };
		F2D6270F165DF80900EF6E8A /* AppDelegate.m */ = {isa = PBXFileReference; lastKnownFileType = sourcecode.c.objc; path = AppDelegate.m; sourceTree = "<group>"; };
		F2D62712165DF80900EF6E8A /* PrizeWord.xcdatamodel */ = {isa = PBXFileReference; lastKnownFileType = wrapper.xcdatamodel; path = PrizeWord.xcdatamodel; sourceTree = "<group>"; };
		F2D6271A165DF8FE00EF6E8A /* RootViewController.h */ = {isa = PBXFileReference; fileEncoding = 4; lastKnownFileType = sourcecode.c.h; name = RootViewController.h; path = ViewControllers/RootViewController.h; sourceTree = "<group>"; };
		F2D6271B165DF8FE00EF6E8A /* RootViewController.m */ = {isa = PBXFileReference; fileEncoding = 4; lastKnownFileType = sourcecode.c.objc; name = RootViewController.m; path = ViewControllers/RootViewController.m; sourceTree = "<group>"; };
		F2D6271C165DF8FE00EF6E8A /* RootViewController.xib */ = {isa = PBXFileReference; fileEncoding = 4; lastKnownFileType = file.xib; name = RootViewController.xib; path = ViewControllers/RootViewController.xib; sourceTree = "<group>"; };
/* End PBXFileReference section */

/* Begin PBXFrameworksBuildPhase section */
		F2D626F6165DF80900EF6E8A /* Frameworks */ = {
			isa = PBXFrameworksBuildPhase;
			buildActionMask = 2147483647;
			files = (
				F2A22DF216648AAA00CF7859 /* QuartzCore.framework in Frameworks */,
				F2D626FE165DF80900EF6E8A /* UIKit.framework in Frameworks */,
				F2D62700165DF80900EF6E8A /* Foundation.framework in Frameworks */,
				F2D62702165DF80900EF6E8A /* CoreGraphics.framework in Frameworks */,
				F2D62704165DF80900EF6E8A /* CoreData.framework in Frameworks */,
			);
			runOnlyForDeploymentPostprocessing = 0;
		};
/* End PBXFrameworksBuildPhase section */

/* Begin PBXGroup section */
		F2868C79166683C8003F0686 /* DataModels */ = {
			isa = PBXGroup;
			children = (
				F2868C7D166685D7003F0686 /* HintData.h */,
				F2868C7E166685D7003F0686 /* HintData.m */,
				F2868C7A166685D6003F0686 /* PuzzleData.h */,
				F2868C7B166685D6003F0686 /* PuzzleData.m */,
			);
			name = DataModels;
			path = ..;
			sourceTree = "<group>";
		};
		F2950235165E011000DACFBA /* EventSystem */ = {
			isa = PBXGroup;
			children = (
				F2950236165E016400DACFBA /* EventManager.h */,
				F2950237165E016400DACFBA /* EventManager.m */,
				F2950239165E036800DACFBA /* Event.h */,
				F295023A165E036800DACFBA /* Event.m */,
				F295023D165EAA0C00DACFBA /* EventListenerDelegate.h */,
			);
			name = EventSystem;
			sourceTree = "<group>";
		};
		F295023E165EAD7300DACFBA /* GameLogic */ = {
			isa = PBXGroup;
			children = (
				F295023F165EADC500DACFBA /* GameLogic.h */,
				F2950240165EADC500DACFBA /* GameLogic.m */,
				F295024D16620B5700DACFBA /* GameField.h */,
				F295024E16620B5700DACFBA /* GameField.m */,
				F29502501663143300DACFBA /* TileState.h */,
				F295025416631F6400DACFBA /* TileData.h */,
				F295025516631F6400DACFBA /* TileData.m */,
			);
			name = GameLogic;
			sourceTree = "<group>";
		};
		F29502451662036E00DACFBA /* Views */ = {
			isa = PBXGroup;
			children = (
				F2950246166203B100DACFBA /* GameTileView.h */,
				F2950247166203B100DACFBA /* GameTileView.m */,
				F2950251166316AD00DACFBA /* GameFieldView.h */,
				F2950252166316AD00DACFBA /* GameFieldView.m */,
			);
			name = Views;
			sourceTree = "<group>";
		};
		F2950249166206CD00DACFBA /* assets */ = {
			isa = PBXGroup;
			children = (
				F295024A166206E600DACFBA /* gamefield */,
			);
			name = assets;
			path = ..;
			sourceTree = "<group>";
		};
		F295024A166206E600DACFBA /* gamefield */ = {
			isa = PBXGroup;
			children = (
				F2A22DDB1664853100CF7859 /* tile_letter_correct_input@2x.png */,
				F2A22DDC1664853100CF7859 /* tile_letter_correct@2x.png */,
				F2A22DDD1664853100CF7859 /* tile_letter_empty_input@2x.png */,
				F2A22DDE1664853100CF7859 /* tile_letter_empty@2x.png */,
				F2A22DDF1664853100CF7859 /* tile_letter_input@2x.png */,
				F2A22DE01664853100CF7859 /* tile_letter_wrong@2x.png */,
				F2A22DE11664853100CF7859 /* tile_question_correct@2x.png */,
				F2A22DE21664853100CF7859 /* tile_question_new@2x.png */,
				F2A22DE31664853100CF7859 /* tile_question_wrong@2x.png */,
			);
			name = gamefield;
			path = PrizeWord/assets/gamefield;
			sourceTree = "<group>";
		};
		F2D626EE165DF80800EF6E8A = {
			isa = PBXGroup;
			children = (
				F2A22DEF166487C400CF7859 /* Default-568h@2x.png */,
				F2D62705165DF80900EF6E8A /* PrizeWord */,
				F2D626FC165DF80900EF6E8A /* Frameworks */,
				F2D626FA165DF80900EF6E8A /* Products */,
			);
			sourceTree = "<group>";
		};
		F2D626FA165DF80900EF6E8A /* Products */ = {
			isa = PBXGroup;
			children = (
				F2D626F9165DF80900EF6E8A /* PrizeWord.app */,
			);
			name = Products;
			sourceTree = "<group>";
		};
		F2D626FC165DF80900EF6E8A /* Frameworks */ = {
			isa = PBXGroup;
			children = (
				F2A22DF116648AAA00CF7859 /* QuartzCore.framework */,
				F2D626FD165DF80900EF6E8A /* UIKit.framework */,
				F2D626FF165DF80900EF6E8A /* Foundation.framework */,
				F2D62701165DF80900EF6E8A /* CoreGraphics.framework */,
				F2D62703165DF80900EF6E8A /* CoreData.framework */,
			);
			name = Frameworks;
			sourceTree = "<group>";
		};
		F2D62705165DF80900EF6E8A /* PrizeWord */ = {
			isa = PBXGroup;
			children = (
				F2868C79166683C8003F0686 /* DataModels */,
				F2950249166206CD00DACFBA /* assets */,
				F29502451662036E00DACFBA /* Views */,
				F295023E165EAD7300DACFBA /* GameLogic */,
				F2950235165E011000DACFBA /* EventSystem */,
				F2D62719165DF89000EF6E8A /* ViewControllers */,
				F2D6270E165DF80900EF6E8A /* AppDelegate.h */,
				F2D6270F165DF80900EF6E8A /* AppDelegate.m */,
				F2D62711165DF80900EF6E8A /* PrizeWord.xcdatamodeld */,
				F2D62706165DF80900EF6E8A /* Supporting Files */,
			);
			path = PrizeWord;
			sourceTree = "<group>";
		};
		F2D62706165DF80900EF6E8A /* Supporting Files */ = {
			isa = PBXGroup;
			children = (
				F2D62707165DF80900EF6E8A /* PrizeWord-Info.plist */,
				F2D6270B165DF80900EF6E8A /* main.m */,
				F2D6270D165DF80900EF6E8A /* PrizeWord-Prefix.pch */,
			);
			name = "Supporting Files";
			sourceTree = "<group>";
		};
		F2D62719165DF89000EF6E8A /* ViewControllers */ = {
			isa = PBXGroup;
			children = (
				F2D6271A165DF8FE00EF6E8A /* RootViewController.h */,
				F2D6271B165DF8FE00EF6E8A /* RootViewController.m */,
				F2D6271C165DF8FE00EF6E8A /* RootViewController.xib */,
				F295022F165DFF7900DACFBA /* GameViewController.h */,
				F2950230165DFF7900DACFBA /* GameViewController.m */,
				F2950231165DFF7900DACFBA /* GameViewController.xib */,
			);
			name = ViewControllers;
			sourceTree = "<group>";
		};
/* End PBXGroup section */

/* Begin PBXNativeTarget section */
		F2D626F8165DF80900EF6E8A /* PrizeWord */ = {
			isa = PBXNativeTarget;
			buildConfigurationList = F2D62716165DF80900EF6E8A /* Build configuration list for PBXNativeTarget "PrizeWord" */;
			buildPhases = (
				F2D626F5165DF80900EF6E8A /* Sources */,
				F2D626F6165DF80900EF6E8A /* Frameworks */,
				F2D626F7165DF80900EF6E8A /* Resources */,
			);
			buildRules = (
			);
			dependencies = (
			);
			name = PrizeWord;
			productName = PrizeWord;
			productReference = F2D626F9165DF80900EF6E8A /* PrizeWord.app */;
			productType = "com.apple.product-type.application";
		};
/* End PBXNativeTarget section */

/* Begin PBXProject section */
		F2D626F0165DF80800EF6E8A /* Project object */ = {
			isa = PBXProject;
			attributes = {
				LastUpgradeCheck = 0430;
			};
			buildConfigurationList = F2D626F3165DF80800EF6E8A /* Build configuration list for PBXProject "PrizeWord" */;
			compatibilityVersion = "Xcode 3.2";
			developmentRegion = English;
			hasScannedForEncodings = 0;
			knownRegions = (
				en,
			);
			mainGroup = F2D626EE165DF80800EF6E8A;
			productRefGroup = F2D626FA165DF80900EF6E8A /* Products */;
			projectDirPath = "";
			projectRoot = "";
			targets = (
				F2D626F8165DF80900EF6E8A /* PrizeWord */,
			);
		};
/* End PBXProject section */

/* Begin PBXResourcesBuildPhase section */
		F2D626F7165DF80900EF6E8A /* Resources */ = {
			isa = PBXResourcesBuildPhase;
			buildActionMask = 2147483647;
			files = (
				F2D6271E165DF8FE00EF6E8A /* RootViewController.xib in Resources */,
				F2950233165DFF7900DACFBA /* GameViewController.xib in Resources */,
				F2A22DE41664853100CF7859 /* tile_letter_correct_input@2x.png in Resources */,
				F2A22DE51664853100CF7859 /* tile_letter_correct@2x.png in Resources */,
				F2A22DE61664853100CF7859 /* tile_letter_empty_input@2x.png in Resources */,
				F2A22DE71664853100CF7859 /* tile_letter_empty@2x.png in Resources */,
				F2A22DE81664853100CF7859 /* tile_letter_input@2x.png in Resources */,
				F2A22DE91664853100CF7859 /* tile_letter_wrong@2x.png in Resources */,
				F2A22DEA1664853100CF7859 /* tile_question_correct@2x.png in Resources */,
				F2A22DEB1664853100CF7859 /* tile_question_new@2x.png in Resources */,
				F2A22DEC1664853100CF7859 /* tile_question_wrong@2x.png in Resources */,
				F2A22DF0166487C400CF7859 /* Default-568h@2x.png in Resources */,
			);
			runOnlyForDeploymentPostprocessing = 0;
		};
/* End PBXResourcesBuildPhase section */

/* Begin PBXSourcesBuildPhase section */
		F2D626F5165DF80900EF6E8A /* Sources */ = {
			isa = PBXSourcesBuildPhase;
			buildActionMask = 2147483647;
			files = (
				F2D6270C165DF80900EF6E8A /* main.m in Sources */,
				F2D62710165DF80900EF6E8A /* AppDelegate.m in Sources */,
				F2D62713165DF80900EF6E8A /* PrizeWord.xcdatamodeld in Sources */,
				F2D6271D165DF8FE00EF6E8A /* RootViewController.m in Sources */,
				F2950232165DFF7900DACFBA /* GameViewController.m in Sources */,
				F2950238165E016400DACFBA /* EventManager.m in Sources */,
				F295023B165E036800DACFBA /* Event.m in Sources */,
				F2950241165EADC500DACFBA /* GameLogic.m in Sources */,
				F2950248166203B100DACFBA /* GameTileView.m in Sources */,
				F295024F16620B5700DACFBA /* GameField.m in Sources */,
				F2950253166316AD00DACFBA /* GameFieldView.m in Sources */,
				F295025616631F6500DACFBA /* TileData.m in Sources */,
				F2868C7C166685D6003F0686 /* PuzzleData.m in Sources */,
				F2868C7F166685D7003F0686 /* HintData.m in Sources */,
			);
			runOnlyForDeploymentPostprocessing = 0;
		};
/* End PBXSourcesBuildPhase section */

/* Begin XCBuildConfiguration section */
		F2D62714165DF80900EF6E8A /* Debug */ = {
			isa = XCBuildConfiguration;
			buildSettings = {
				ALWAYS_SEARCH_USER_PATHS = NO;
				ARCHS = "$(ARCHS_STANDARD_32_BIT)";
				CLANG_ENABLE_OBJC_ARC = YES;
				CODE_SIGN_IDENTITY = "iPhone Developer";
				"CODE_SIGN_IDENTITY[sdk=iphoneos*]" = "iPhone Developer";
				COPY_PHASE_STRIP = NO;
				GCC_C_LANGUAGE_STANDARD = gnu99;
				GCC_DYNAMIC_NO_PIC = NO;
				GCC_OPTIMIZATION_LEVEL = 0;
				GCC_PREPROCESSOR_DEFINITIONS = (
					"DEBUG=1",
					"$(inherited)",
				);
				GCC_SYMBOLS_PRIVATE_EXTERN = NO;
				GCC_VERSION = com.apple.compilers.llvm.clang.1_0;
				GCC_WARN_ABOUT_RETURN_TYPE = YES;
				GCC_WARN_UNINITIALIZED_AUTOS = YES;
				GCC_WARN_UNUSED_VARIABLE = YES;
				IPHONEOS_DEPLOYMENT_TARGET = 4.3;
				PROVISIONING_PROFILE = "";
				SDKROOT = iphoneos;
				TARGETED_DEVICE_FAMILY = "1,2";
			};
			name = Debug;
		};
		F2D62715165DF80900EF6E8A /* Release */ = {
			isa = XCBuildConfiguration;
			buildSettings = {
				ALWAYS_SEARCH_USER_PATHS = NO;
				ARCHS = "$(ARCHS_STANDARD_32_BIT)";
				CLANG_ENABLE_OBJC_ARC = YES;
				CODE_SIGN_IDENTITY = "iPhone Developer";
				"CODE_SIGN_IDENTITY[sdk=iphoneos*]" = "iPhone Developer";
				COPY_PHASE_STRIP = YES;
				GCC_C_LANGUAGE_STANDARD = gnu99;
				GCC_VERSION = com.apple.compilers.llvm.clang.1_0;
				GCC_WARN_ABOUT_RETURN_TYPE = YES;
				GCC_WARN_UNINITIALIZED_AUTOS = YES;
				GCC_WARN_UNUSED_VARIABLE = YES;
				IPHONEOS_DEPLOYMENT_TARGET = 4.3;
				OTHER_CFLAGS = "-DNS_BLOCK_ASSERTIONS=1";
				PROVISIONING_PROFILE = "";
				SDKROOT = iphoneos;
				TARGETED_DEVICE_FAMILY = "1,2";
				VALIDATE_PRODUCT = YES;
			};
			name = Release;
		};
		F2D62717165DF80900EF6E8A /* Debug */ = {
			isa = XCBuildConfiguration;
			buildSettings = {
				CODE_SIGN_IDENTITY = "iPhone Developer";
				GCC_PRECOMPILE_PREFIX_HEADER = YES;
				GCC_PREFIX_HEADER = "PrizeWord/PrizeWord-Prefix.pch";
				INFOPLIST_FILE = "PrizeWord/PrizeWord-Info.plist";
				IPHONEOS_DEPLOYMENT_TARGET = 4.3;
				PRODUCT_NAME = "$(TARGET_NAME)";
				PROVISIONING_PROFILE = "";
				WRAPPER_EXTENSION = app;
			};
			name = Debug;
		};
		F2D62718165DF80900EF6E8A /* Release */ = {
			isa = XCBuildConfiguration;
			buildSettings = {
				CODE_SIGN_IDENTITY = "iPhone Developer";
				GCC_PRECOMPILE_PREFIX_HEADER = YES;
				GCC_PREFIX_HEADER = "PrizeWord/PrizeWord-Prefix.pch";
				INFOPLIST_FILE = "PrizeWord/PrizeWord-Info.plist";
				IPHONEOS_DEPLOYMENT_TARGET = 4.3;
				PRODUCT_NAME = "$(TARGET_NAME)";
				PROVISIONING_PROFILE = "";
				WRAPPER_EXTENSION = app;
			};
			name = Release;
		};
/* End XCBuildConfiguration section */

/* Begin XCConfigurationList section */
		F2D626F3165DF80800EF6E8A /* Build configuration list for PBXProject "PrizeWord" */ = {
			isa = XCConfigurationList;
			buildConfigurations = (
				F2D62714165DF80900EF6E8A /* Debug */,
				F2D62715165DF80900EF6E8A /* Release */,
			);
			defaultConfigurationIsVisible = 0;
			defaultConfigurationName = Release;
		};
		F2D62716165DF80900EF6E8A /* Build configuration list for PBXNativeTarget "PrizeWord" */ = {
			isa = XCConfigurationList;
			buildConfigurations = (
				F2D62717165DF80900EF6E8A /* Debug */,
				F2D62718165DF80900EF6E8A /* Release */,
			);
			defaultConfigurationIsVisible = 0;
			defaultConfigurationName = Release;
		};
/* End XCConfigurationList section */

/* Begin XCVersionGroup section */
		F2D62711165DF80900EF6E8A /* PrizeWord.xcdatamodeld */ = {
			isa = XCVersionGroup;
			children = (
				F2D62712165DF80900EF6E8A /* PrizeWord.xcdatamodel */,
			);
			currentVersion = F2D62712165DF80900EF6E8A /* PrizeWord.xcdatamodel */;
			path = PrizeWord.xcdatamodeld;
			sourceTree = "<group>";
			versionGroupType = wrapper.xcdatamodel;
		};
/* End XCVersionGroup section */
	};
	rootObject = F2D626F0165DF80800EF6E8A /* Project object */;
}
